<Solution>
  <Folder Name="/src/">
    <Project Path="src/ZwoGain.ASCOM.Register/ZwoGain.ASCOM.Register.csproj" />
    <Project Path="src/ZwoGain.ASCOM/ZwoGain.ASCOM.csproj" />
    <Project Path="src/ZwoGain.Core/ZwoGain.Core.csproj" />
    <Project Path="src/ZwoGain.Diagnostics/ZwoGain.Diagnostics.csproj" />
    <Project Path="src/ZwoGain.NINA/ZwoGain.NINA.csproj" />
    <Project Path="src/ZwoGain.Rotator/ZwoGain.Rotator.csproj" />
  </Folder>
  <Folder Name="/tests/">
    <Project Path="tests/ZwoGain.NINA.Tests/ZwoGain.NINA.Tests.csproj" />
    <Project Path="tests/ZwoGain.Tests/ZwoGain.Tests.csproj" />
  </Folder>
  <Folder Name="/tools/">
    <Project Path="tools/ZwoGain.Packaging/ZwoGain.Packaging.csproj" />
  </Folder>
</Solution>
